
Microsoft Visual Studio Solution File, Format Version 12.00
# Visual Studio Version 16
VisualStudioVersion = 16.0.29728.190
MinimumVisualStudioVersion = 10.0.40219.1
Project("{00D1A9C2-B5F0-4AF3-8072-F6C62B433612}") = "StackOverflow.Database", "StackOverflow.Database\StackOverflow.Database.sqlproj", "{1A43348E-36AE-4130-BDDA-57C4429938C0}"
EndProject
Global
	GlobalSection(SolutionConfigurationPlatforms) = preSolution
		Debug|Any CPU = Debug|Any CPU
		Release|Any CPU = Release|Any CPU
	EndGlobalSection
	GlobalSection(ProjectConfigurationPlatforms) = postSolution
		{1A43348E-36AE-4130-BDDA-57C4429938C0}.Debug|Any CPU.ActiveCfg = Debug|Any CPU
		{1A43348E-36AE-4130-BDDA-57C4429938C0}.Debug|Any CPU.Build.0 = Debug|Any CPU
		{1A43348E-36AE-4130-BDDA-57C4429938C0}.Debug|Any CPU.Deploy.0 = Debug|Any CPU
		{1A43348E-36AE-4130-BDDA-57C4429938C0}.Release|Any CPU.ActiveCfg = Release|Any CPU
		{1A43348E-36AE-4130-BDDA-57C4429938C0}.Release|Any CPU.Build.0 = Release|Any CPU
		{1A43348E-36AE-4130-BDDA-57C4429938C0}.Release|Any CPU.Deploy.0 = Release|Any CPU
	EndGlobalSection
	GlobalSection(SolutionProperties) = preSolution
		HideSolutionNode = FALSE
	EndGlobalSection
	GlobalSection(ExtensibilityGlobals) = postSolution
		SolutionGuid = {3CD30ECA-CFD2-499C-909C-623F4BE55DF8}
	EndGlobalSection
EndGlobal
